{
  "name": "rkbright",
  "requires": true,
  "lockfileVersion": 1,
  "dependencies": {
    "argparse": {
      "version": "1.0.10",
      "resolved": "https://registry.npmjs.org/argparse/-/argparse-1.0.10.tgz",
      "integrity": "sha1-vNZ5HqWuCXJeF+WtmIE0zUCz2RE=",
      "dev": true,
      "requires": {
        "sprintf-js": "~1.0.2"
      }
    },
    "d": {
      "version": "1.0.1",
      "resolved": "https://registry.npmjs.org/d/-/d-1.0.1.tgz",
      "integrity": "sha1-hpgJU3LVjb7jRv/Qxwk/mfj561o=",
      "dev": true,
      "requires": {
        "es5-ext": "^0.10.50",
        "type": "^1.0.1"
      }
    },
    "es5-ext": {
      "version": "0.10.53",
      "resolved": "https://registry.npmjs.org/es5-ext/-/es5-ext-0.10.53.tgz",
      "integrity": "sha1-k8WjrP2+8nUiCtcmRK0C7hg2jeE=",
      "dev": true,
      "requires": {
        "es6-iterator": "~2.0.3",
        "es6-symbol": "~3.1.3",
        "next-tick": "~1.0.0"
      },
      "dependencies": {
        "es6-symbol": {
          "version": "3.1.3",
          "resolved": "https://registry.npmjs.org/es6-symbol/-/es6-symbol-3.1.3.tgz",
          "integrity": "sha1-utXTwbzawoJp9MszHkMceKxwXRg=",
          "dev": true,
          "requires": {
            "d": "^1.0.1",
            "ext": "^1.1.2"
          }
        }
      }
    },
    "es6-iterator": {
      "version": "2.0.3",
      "resolved": "https://registry.npmjs.org/es6-iterator/-/es6-iterator-2.0.3.tgz",
      "integrity": "sha1-p96IkUGgWpSwhUQDstCg+/qY87c=",
      "dev": true,
      "requires": {
        "d": "1",
        "es5-ext": "^0.10.35",
        "es6-symbol": "^3.1.1"
      }
    },
    "es6-set": {
      "version": "0.1.5",
      "resolved": "https://registry.npmjs.org/es6-set/-/es6-set-0.1.5.tgz",
      "integrity": "sha1-0rPsXU2ADO2BjbU40ol02wpzzLE=",
      "dev": true,
      "requires": {
        "d": "1",
        "es5-ext": "~0.10.14",
        "es6-iterator": "~2.0.1",
        "es6-symbol": "3.1.1",
        "event-emitter": "~0.3.5"
      }
    },
    "es6-symbol": {
      "version": "3.1.1",
      "resolved": "https://registry.npmjs.org/es6-symbol/-/es6-symbol-3.1.1.tgz",
      "integrity": "sha1-vwDvT9q2uhtG7Le2KbTH7VcVzHc=",
      "dev": true,
      "requires": {
        "d": "1",
        "es5-ext": "~0.10.14"
      }
    },
    "esprima": {
      "version": "4.0.1",
      "resolved": "https://registry.npmjs.org/esprima/-/esprima-4.0.1.tgz",
      "integrity": "sha1-E7BM2z5sXRnfkatph6hpVhmwqnE=",
      "dev": true
    },
    "event-emitter": {
      "version": "0.3.5",
      "resolved": "https://registry.npmjs.org/event-emitter/-/event-emitter-0.3.5.tgz",
      "integrity": "sha1-34xp7vFkeSPHFXuc6DhAYQsCzDk=",
      "dev": true,
      "requires": {
        "d": "1",
        "es5-ext": "~0.10.14"
      }
    },
    "ext": {
      "version": "1.4.0",
      "resolved": "https://registry.npmjs.org/ext/-/ext-1.4.0.tgz",
      "integrity": "sha1-ia56BxWPedNVF4gpBDJAd+Q3kkQ=",
      "dev": true,
      "requires": {
        "type": "^2.0.0"
      },
      "dependencies": {
        "type": {
          "version": "2.0.0",
          "resolved": "https://registry.npmjs.org/type/-/type-2.0.0.tgz",
          "integrity": "sha1-Xxb/bvLrRPJgSU2uJxAzspwJqcM=",
          "dev": true
        }
      }
    },
    "front-matter": {
      "version": "2.3.0",
      "resolved": "https://registry.npmjs.org/front-matter/-/front-matter-2.3.0.tgz",
      "integrity": "sha1-cgOviWzjV+4E4qpFFp6pHtf2dQQ=",
      "dev": true,
      "requires": {
        "js-yaml": "^3.10.0"
      }
    },
    "gift": {
      "version": "0.6.1",
      "resolved": "https://registry.npmjs.org/gift/-/gift-0.6.1.tgz",
      "integrity": "sha1-wWmOa2iHFk7ZeKAQlUI8/2W4558=",
      "dev": true,
      "requires": {
        "underscore": "1.x.x"
      }
    },
    "gift-wrapper": {
      "version": "1.1.1",
      "resolved": "https://registry.npmjs.org/gift-wrapper/-/gift-wrapper-1.1.1.tgz",
      "integrity": "sha1-wqShvCpMlAYhtHX2kRevZuGUNBc=",
      "dev": true,
      "requires": {
        "gift": "^0.6.1",
        "q": "^1.4.1"
      }
    },
    "github": {
      "version": "0.2.4",
      "resolved": "https://registry.npmjs.org/github/-/github-0.2.4.tgz",
      "integrity": "sha1-JPp/DhP6EblGr5ETTFGYKpHOU4s=",
      "dev": true,
      "requires": {
        "mime": "^1.2.11"
      }
    },
    "js-yaml": {
      "version": "3.13.1",
      "resolved": "https://registry.npmjs.org/js-yaml/-/js-yaml-3.13.1.tgz",
      "integrity": "sha1-r/FRswv9+o5J4F2iLnQV6d+jeEc=",
      "dev": true,
      "requires": {
        "argparse": "^1.0.7",
        "esprima": "^4.0.0"
      }
    },
    "mime": {
      "version": "1.6.0",
      "resolved": "https://registry.npmjs.org/mime/-/mime-1.6.0.tgz",
      "integrity": "sha1-Ms2eXGRVO9WNGaVor0Uqz/BJgbE=",
      "dev": true
    },
    "mimeparse": {
      "version": "0.1.4",
      "resolved": "https://registry.npmjs.org/mimeparse/-/mimeparse-0.1.4.tgz",
      "integrity": "sha1-2vsCdSNw/SJgk64xUsJxrwGsJUo=",
      "dev": true
    },
    "next-tick": {
      "version": "1.0.0",
      "resolved": "https://registry.npmjs.org/next-tick/-/next-tick-1.0.0.tgz",
      "integrity": "sha1-yobR/ogoFpsBICCOPchCS524NCw=",
      "dev": true
    },
    "q": {
      "version": "1.5.1",
      "resolved": "https://registry.npmjs.org/q/-/q-1.5.1.tgz",
      "integrity": "sha1-fjL3W0E4EpHQRhHxvxQQmsAGUdc=",
      "dev": true
    },
    "q-io": {
      "version": "1.13.6",
      "resolved": "https://registry.npmjs.org/q-io/-/q-io-1.13.6.tgz",
      "integrity": "sha1-BFC9s54IfLiaX9SkFjfqM0fJhTg=",
      "dev": true,
      "requires": {
        "es6-set": "^0.1.1",
        "mime": "^1.2.11",
        "mimeparse": "^0.1.4",
        "q": "^1.0.1",
        "qs": "^1.2.1",
        "url2": "^0.0.0"
      }
    },
    "qs": {
      "version": "1.2.2",
      "resolved": "https://registry.npmjs.org/qs/-/qs-1.2.2.tgz",
      "integrity": "sha1-GbV/8k3CqZzh+L32r82ln472H4g=",
      "dev": true
    },
    "sprintf-js": {
      "version": "1.0.3",
      "resolved": "https://registry.npmjs.org/sprintf-js/-/sprintf-js-1.0.3.tgz",
      "integrity": "sha1-BOaSb2YolTVPPdAVIDYzuFcpfiw=",
      "dev": true
    },
    "type": {
      "version": "1.2.0",
      "resolved": "https://registry.npmjs.org/type/-/type-1.2.0.tgz",
      "integrity": "sha1-hI3XaY2vo+VKbEeedZxLw/GIR6A=",
      "dev": true
    },
    "underscore": {
      "version": "1.10.2",
      "resolved": "https://registry.npmjs.org/underscore/-/underscore-1.10.2.tgz",
      "integrity": "sha1-c9aqNmjzGI5K2w8ZQ70Sz9fvqq8=",
      "dev": true
    },
    "url2": {
      "version": "0.0.0",
      "resolved": "https://registry.npmjs.org/url2/-/url2-0.0.0.tgz",
      "integrity": "sha1-Tqq9HVw6yQ1iq0SFyZhCKGWgSxo=",
      "dev": true
    }
  }
}
